---
- plugin:
    category: tab
    description: Shows a tab, which reads from a database table and allows delete operations via controller
    url: https://github.com/spoonboy-io/custom-tab-plugin.git
    tags: database,starter,controller,ui
    minimumMorpheus: 6.0.0
    versioning:
        semantic: true
        morpheus: true

- plugin:
      category: cypher
      description: A plugin for CyberArk credential storage
      url: https://github.com/gomorpheus/morpheus-cyberark-plugin.git
      tags: credentials,cyberark,cypher
      minimumMorpheus: 5.5.2
      versioning:
          semantic: true
          semanticPrefix: rel-
          morpheus: false
 
